
Microsoft Visual Studio Solution File, Format Version 12.00
# Visual Studio Version 17
VisualStudioVersion = 17.5.2.0
MinimumVisualStudioVersion = 10.0.40219.1
Project("{FAE04EC0-301F-11D3-BF4B-00C04F79EFBC}") = "AulaFor", "AulaFor\AulaFor.csproj", "{9B1CF563-F76B-95E2-4ACF-1F090F6B0071}"
EndProject
Project("{FAE04EC0-301F-11D3-BF4B-00C04F79EFBC}") = "AulaWhile", "AulaWhile\AulaWhile.csproj", "{0CD72C79-5FC8-407F-B623-BB8C35E551F5}"
EndProject
Project("{FAE04EC0-301F-11D3-BF4B-00C04F79EFBC}") = "IfElse", "IfElse\IfElse.csproj", "{E1441439-8928-C82D-D68B-3C25BE88B827}"
EndProject
Project("{FAE04EC0-301F-11D3-BF4B-00C04F79EFBC}") = "SwitchCase", "SwitchCase\SwitchCase.csproj", "{3D62E520-37B3-F59C-0FEF-647F6B22D489}"
EndProject
Project("{FAE04EC0-301F-11D3-BF4B-00C04F79EFBC}") = "AulaPrimeiraClasse", "AulaPrimeiraClasse\AulaPrimeiraClasse.csproj", "{9BE9E561-132D-4C31-AE9F-27A191ECBBC0}"
EndProject
Project("{FAE04EC0-301F-11D3-BF4B-00C04F79EFBC}") = "AulaClassesEmArquivos", "AulaClassesEmArquivos\AulaClassesEmArquivos.csproj", "{9FB3BF4D-8038-407B-AF4E-A018202DB807}"
EndProject
Project("{FAE04EC0-301F-11D3-BF4B-00C04F79EFBC}") = "AulaConstrutores", "AulaConstrutores\AulaConstrutores.csproj", "{0418CD00-3654-4202-AA78-3F3F3E6B18C9}"
EndProject
Project("{FAE04EC0-301F-11D3-BF4B-00C04F79EFBC}") = "AulaEncapsulamento", "AulaEncapsulamento\AulaEncapsulamento.csproj", "{745AB25E-ACAA-4368-9E70-D3FB841471C5}"
EndProject
Project("{FAE04EC0-301F-11D3-BF4B-00C04F79EFBC}") = "AulaSobrecarga", "AulaSobrecarga\AulaSobrecarga.csproj", "{9821FB60-38C7-4333-B2DE-FC16776C24DA}"
EndProject
Project("{FAE04EC0-301F-11D3-BF4B-00C04F79EFBC}") = "AulaAbstracaoInterfaces", "AulaAbstracaoInterfaces\AulaAbstracaoInterfaces.csproj", "{F6440B08-702E-4591-A479-856352DCF997}"
EndProject
Project("{FAE04EC0-301F-11D3-BF4B-00C04F79EFBC}") = "AulaAbstracaoClasse", "AulaAbstracaoClasse\AulaAbstracaoClasse.csproj", "{E2D2C8EE-6912-4B1B-950C-4654F81A6A67}"
EndProject
Project("{FAE04EC0-301F-11D3-BF4B-00C04F79EFBC}") = "AulaHeranca", "AulaHeranca\AulaHeranca.csproj", "{F124FE82-DA97-4D0E-8AC3-5DF663C3FD75}"
EndProject
Project("{FAE04EC0-301F-11D3-BF4B-00C04F79EFBC}") = "AulaPolimorfismo", "AulaPolimorfismo\AulaPolimorfismo.csproj", "{987DA89B-FD43-48F7-9C62-439EB535DF4B}"
EndProject
Project("{FAE04EC0-301F-11D3-BF4B-00C04F79EFBC}") = "AulaVar", "AulaVar\AulaVar.csproj", "{380E0484-ACF2-4AAE-8D3B-498B9E036F88}"
EndProject
Project("{FAE04EC0-301F-11D3-BF4B-00C04F79EFBC}") = "AulaPropriedades", "AulaPropriedades\AulaPropriedades.csproj", "{81A562F5-4D97-4627-B360-49177038FCB4}"
EndProject
Project("{FAE04EC0-301F-11D3-BF4B-00C04F79EFBC}") = "AulaLinq", "AulaLinq\AulaLinq.csproj", "{924E1664-8762-4926-A68F-79A2250AF7A0}"
EndProject
Project("{FAE04EC0-301F-11D3-BF4B-00C04F79EFBC}") = "AulaExcecoes", "AulaExcecoes\AulaExcecoes.csproj", "{351DDDAE-FC69-4A8C-86D1-37FE964C5BE2}"
EndProject
Project("{FAE04EC0-301F-11D3-BF4B-00C04F79EFBC}") = "AulaArquivos", "AulaArquivos\AulaArquivos.csproj", "{9536BB10-006A-4538-B291-D21C6E658BB6}"
EndProject
Project("{FAE04EC0-301F-11D3-BF4B-00C04F79EFBC}") = "AulaAsync", "AulaAsync\AulaAsync.csproj", "{E65090DD-B98A-4572-AE1B-BB01026C7DF6}"
EndProject
Project("{FAE04EC0-301F-11D3-BF4B-00C04F79EFBC}") = "AulaChatbot", "AulaChatbot\AulaChatbot.csproj", "{2B859674-0DA5-4312-9539-F61250737D3A}"
EndProject
Project("{FAE04EC0-301F-11D3-BF4B-00C04F79EFBC}") = "AulaClaude", "AulaClaude\AulaClaude.csproj", "{A4029624-1A05-42F0-9741-EF74EBBFAA8D}"
EndProject
Global
	GlobalSection(SolutionConfigurationPlatforms) = preSolution
		Debug|Any CPU = Debug|Any CPU
		Debug|x64 = Debug|x64
		Debug|x86 = Debug|x86
		Release|Any CPU = Release|Any CPU
		Release|x64 = Release|x64
		Release|x86 = Release|x86
	EndGlobalSection
	GlobalSection(ProjectConfigurationPlatforms) = postSolution
		{9B1CF563-F76B-95E2-4ACF-1F090F6B0071}.Debug|Any CPU.ActiveCfg = Debug|Any CPU
		{9B1CF563-F76B-95E2-4ACF-1F090F6B0071}.Debug|Any CPU.Build.0 = Debug|Any CPU
		{9B1CF563-F76B-95E2-4ACF-1F090F6B0071}.Debug|x64.ActiveCfg = Debug|Any CPU
		{9B1CF563-F76B-95E2-4ACF-1F090F6B0071}.Debug|x64.Build.0 = Debug|Any CPU
		{9B1CF563-F76B-95E2-4ACF-1F090F6B0071}.Debug|x86.ActiveCfg = Debug|Any CPU
		{9B1CF563-F76B-95E2-4ACF-1F090F6B0071}.Debug|x86.Build.0 = Debug|Any CPU
		{9B1CF563-F76B-95E2-4ACF-1F090F6B0071}.Release|Any CPU.ActiveCfg = Release|Any CPU
		{9B1CF563-F76B-95E2-4ACF-1F090F6B0071}.Release|Any CPU.Build.0 = Release|Any CPU
		{9B1CF563-F76B-95E2-4ACF-1F090F6B0071}.Release|x64.ActiveCfg = Release|Any CPU
		{9B1CF563-F76B-95E2-4ACF-1F090F6B0071}.Release|x64.Build.0 = Release|Any CPU
		{9B1CF563-F76B-95E2-4ACF-1F090F6B0071}.Release|x86.ActiveCfg = Release|Any CPU
		{9B1CF563-F76B-95E2-4ACF-1F090F6B0071}.Release|x86.Build.0 = Release|Any CPU
		{0CD72C79-5FC8-407F-B623-BB8C35E551F5}.Debug|Any CPU.ActiveCfg = Debug|Any CPU
		{0CD72C79-5FC8-407F-B623-BB8C35E551F5}.Debug|Any CPU.Build.0 = Debug|Any CPU
		{0CD72C79-5FC8-407F-B623-BB8C35E551F5}.Debug|x64.ActiveCfg = Debug|Any CPU
		{0CD72C79-5FC8-407F-B623-BB8C35E551F5}.Debug|x64.Build.0 = Debug|Any CPU
		{0CD72C79-5FC8-407F-B623-BB8C35E551F5}.Debug|x86.ActiveCfg = Debug|Any CPU
		{0CD72C79-5FC8-407F-B623-BB8C35E551F5}.Debug|x86.Build.0 = Debug|Any CPU
		{0CD72C79-5FC8-407F-B623-BB8C35E551F5}.Release|Any CPU.ActiveCfg = Release|Any CPU
		{0CD72C79-5FC8-407F-B623-BB8C35E551F5}.Release|Any CPU.Build.0 = Release|Any CPU
		{0CD72C79-5FC8-407F-B623-BB8C35E551F5}.Release|x64.ActiveCfg = Release|Any CPU
		{0CD72C79-5FC8-407F-B623-BB8C35E551F5}.Release|x64.Build.0 = Release|Any CPU
		{0CD72C79-5FC8-407F-B623-BB8C35E551F5}.Release|x86.ActiveCfg = Release|Any CPU
		{0CD72C79-5FC8-407F-B623-BB8C35E551F5}.Release|x86.Build.0 = Release|Any CPU
		{E1441439-8928-C82D-D68B-3C25BE88B827}.Debug|Any CPU.ActiveCfg = Debug|Any CPU
		{E1441439-8928-C82D-D68B-3C25BE88B827}.Debug|Any CPU.Build.0 = Debug|Any CPU
		{E1441439-8928-C82D-D68B-3C25BE88B827}.Debug|x64.ActiveCfg = Debug|Any CPU
		{E1441439-8928-C82D-D68B-3C25BE88B827}.Debug|x64.Build.0 = Debug|Any CPU
		{E1441439-8928-C82D-D68B-3C25BE88B827}.Debug|x86.ActiveCfg = Debug|Any CPU
		{E1441439-8928-C82D-D68B-3C25BE88B827}.Debug|x86.Build.0 = Debug|Any CPU
		{E1441439-8928-C82D-D68B-3C25BE88B827}.Release|Any CPU.ActiveCfg = Release|Any CPU
		{E1441439-8928-C82D-D68B-3C25BE88B827}.Release|Any CPU.Build.0 = Release|Any CPU
		{E1441439-8928-C82D-D68B-3C25BE88B827}.Release|x64.ActiveCfg = Release|Any CPU
		{E1441439-8928-C82D-D68B-3C25BE88B827}.Release|x64.Build.0 = Release|Any CPU
		{E1441439-8928-C82D-D68B-3C25BE88B827}.Release|x86.ActiveCfg = Release|Any CPU
		{E1441439-8928-C82D-D68B-3C25BE88B827}.Release|x86.Build.0 = Release|Any CPU
		{3D62E520-37B3-F59C-0FEF-647F6B22D489}.Debug|Any CPU.ActiveCfg = Debug|Any CPU
		{3D62E520-37B3-F59C-0FEF-647F6B22D489}.Debug|Any CPU.Build.0 = Debug|Any CPU
		{3D62E520-37B3-F59C-0FEF-647F6B22D489}.Debug|x64.ActiveCfg = Debug|Any CPU
		{3D62E520-37B3-F59C-0FEF-647F6B22D489}.Debug|x64.Build.0 = Debug|Any CPU
		{3D62E520-37B3-F59C-0FEF-647F6B22D489}.Debug|x86.ActiveCfg = Debug|Any CPU
		{3D62E520-37B3-F59C-0FEF-647F6B22D489}.Debug|x86.Build.0 = Debug|Any CPU
		{3D62E520-37B3-F59C-0FEF-647F6B22D489}.Release|Any CPU.ActiveCfg = Release|Any CPU
		{3D62E520-37B3-F59C-0FEF-647F6B22D489}.Release|Any CPU.Build.0 = Release|Any CPU
		{3D62E520-37B3-F59C-0FEF-647F6B22D489}.Release|x64.ActiveCfg = Release|Any CPU
		{3D62E520-37B3-F59C-0FEF-647F6B22D489}.Release|x64.Build.0 = Release|Any CPU
		{3D62E520-37B3-F59C-0FEF-647F6B22D489}.Release|x86.ActiveCfg = Release|Any CPU
		{3D62E520-37B3-F59C-0FEF-647F6B22D489}.Release|x86.Build.0 = Release|Any CPU
		{9BE9E561-132D-4C31-AE9F-27A191ECBBC0}.Debug|Any CPU.ActiveCfg = Debug|Any CPU
		{9BE9E561-132D-4C31-AE9F-27A191ECBBC0}.Debug|Any CPU.Build.0 = Debug|Any CPU
		{9BE9E561-132D-4C31-AE9F-27A191ECBBC0}.Debug|x64.ActiveCfg = Debug|Any CPU
		{9BE9E561-132D-4C31-AE9F-27A191ECBBC0}.Debug|x64.Build.0 = Debug|Any CPU
		{9BE9E561-132D-4C31-AE9F-27A191ECBBC0}.Debug|x86.ActiveCfg = Debug|Any CPU
		{9BE9E561-132D-4C31-AE9F-27A191ECBBC0}.Debug|x86.Build.0 = Debug|Any CPU
		{9BE9E561-132D-4C31-AE9F-27A191ECBBC0}.Release|Any CPU.ActiveCfg = Release|Any CPU
		{9BE9E561-132D-4C31-AE9F-27A191ECBBC0}.Release|Any CPU.Build.0 = Release|Any CPU
		{9BE9E561-132D-4C31-AE9F-27A191ECBBC0}.Release|x64.ActiveCfg = Release|Any CPU
		{9BE9E561-132D-4C31-AE9F-27A191ECBBC0}.Release|x64.Build.0 = Release|Any CPU
		{9BE9E561-132D-4C31-AE9F-27A191ECBBC0}.Release|x86.ActiveCfg = Release|Any CPU
		{9BE9E561-132D-4C31-AE9F-27A191ECBBC0}.Release|x86.Build.0 = Release|Any CPU
		{9FB3BF4D-8038-407B-AF4E-A018202DB807}.Debug|Any CPU.ActiveCfg = Debug|Any CPU
		{9FB3BF4D-8038-407B-AF4E-A018202DB807}.Debug|Any CPU.Build.0 = Debug|Any CPU
		{9FB3BF4D-8038-407B-AF4E-A018202DB807}.Debug|x64.ActiveCfg = Debug|Any CPU
		{9FB3BF4D-8038-407B-AF4E-A018202DB807}.Debug|x64.Build.0 = Debug|Any CPU
		{9FB3BF4D-8038-407B-AF4E-A018202DB807}.Debug|x86.ActiveCfg = Debug|Any CPU
		{9FB3BF4D-8038-407B-AF4E-A018202DB807}.Debug|x86.Build.0 = Debug|Any CPU
		{9FB3BF4D-8038-407B-AF4E-A018202DB807}.Release|Any CPU.ActiveCfg = Release|Any CPU
		{9FB3BF4D-8038-407B-AF4E-A018202DB807}.Release|Any CPU.Build.0 = Release|Any CPU
		{9FB3BF4D-8038-407B-AF4E-A018202DB807}.Release|x64.ActiveCfg = Release|Any CPU
		{9FB3BF4D-8038-407B-AF4E-A018202DB807}.Release|x64.Build.0 = Release|Any CPU
		{9FB3BF4D-8038-407B-AF4E-A018202DB807}.Release|x86.ActiveCfg = Release|Any CPU
		{9FB3BF4D-8038-407B-AF4E-A018202DB807}.Release|x86.Build.0 = Release|Any CPU
		{0418CD00-3654-4202-AA78-3F3F3E6B18C9}.Debug|Any CPU.ActiveCfg = Debug|Any CPU
		{0418CD00-3654-4202-AA78-3F3F3E6B18C9}.Debug|Any CPU.Build.0 = Debug|Any CPU
		{0418CD00-3654-4202-AA78-3F3F3E6B18C9}.Debug|x64.ActiveCfg = Debug|Any CPU
		{0418CD00-3654-4202-AA78-3F3F3E6B18C9}.Debug|x64.Build.0 = Debug|Any CPU
		{0418CD00-3654-4202-AA78-3F3F3E6B18C9}.Debug|x86.ActiveCfg = Debug|Any CPU
		{0418CD00-3654-4202-AA78-3F3F3E6B18C9}.Debug|x86.Build.0 = Debug|Any CPU
		{0418CD00-3654-4202-AA78-3F3F3E6B18C9}.Release|Any CPU.ActiveCfg = Release|Any CPU
		{0418CD00-3654-4202-AA78-3F3F3E6B18C9}.Release|Any CPU.Build.0 = Release|Any CPU
		{0418CD00-3654-4202-AA78-3F3F3E6B18C9}.Release|x64.ActiveCfg = Release|Any CPU
		{0418CD00-3654-4202-AA78-3F3F3E6B18C9}.Release|x64.Build.0 = Release|Any CPU
		{0418CD00-3654-4202-AA78-3F3F3E6B18C9}.Release|x86.ActiveCfg = Release|Any CPU
		{0418CD00-3654-4202-AA78-3F3F3E6B18C9}.Release|x86.Build.0 = Release|Any CPU
		{745AB25E-ACAA-4368-9E70-D3FB841471C5}.Debug|Any CPU.ActiveCfg = Debug|Any CPU
		{745AB25E-ACAA-4368-9E70-D3FB841471C5}.Debug|Any CPU.Build.0 = Debug|Any CPU
		{745AB25E-ACAA-4368-9E70-D3FB841471C5}.Debug|x64.ActiveCfg = Debug|Any CPU
		{745AB25E-ACAA-4368-9E70-D3FB841471C5}.Debug|x64.Build.0 = Debug|Any CPU
		{745AB25E-ACAA-4368-9E70-D3FB841471C5}.Debug|x86.ActiveCfg = Debug|Any CPU
		{745AB25E-ACAA-4368-9E70-D3FB841471C5}.Debug|x86.Build.0 = Debug|Any CPU
		{745AB25E-ACAA-4368-9E70-D3FB841471C5}.Release|Any CPU.ActiveCfg = Release|Any CPU
		{745AB25E-ACAA-4368-9E70-D3FB841471C5}.Release|Any CPU.Build.0 = Release|Any CPU
		{745AB25E-ACAA-4368-9E70-D3FB841471C5}.Release|x64.ActiveCfg = Release|Any CPU
		{745AB25E-ACAA-4368-9E70-D3FB841471C5}.Release|x64.Build.0 = Release|Any CPU
		{745AB25E-ACAA-4368-9E70-D3FB841471C5}.Release|x86.ActiveCfg = Release|Any CPU
		{745AB25E-ACAA-4368-9E70-D3FB841471C5}.Release|x86.Build.0 = Release|Any CPU
		{9821FB60-38C7-4333-B2DE-FC16776C24DA}.Debug|Any CPU.ActiveCfg = Debug|Any CPU
		{9821FB60-38C7-4333-B2DE-FC16776C24DA}.Debug|Any CPU.Build.0 = Debug|Any CPU
		{9821FB60-38C7-4333-B2DE-FC16776C24DA}.Debug|x64.ActiveCfg = Debug|Any CPU
		{9821FB60-38C7-4333-B2DE-FC16776C24DA}.Debug|x64.Build.0 = Debug|Any CPU
		{9821FB60-38C7-4333-B2DE-FC16776C24DA}.Debug|x86.ActiveCfg = Debug|Any CPU
		{9821FB60-38C7-4333-B2DE-FC16776C24DA}.Debug|x86.Build.0 = Debug|Any CPU
		{9821FB60-38C7-4333-B2DE-FC16776C24DA}.Release|Any CPU.ActiveCfg = Release|Any CPU
		{9821FB60-38C7-4333-B2DE-FC16776C24DA}.Release|Any CPU.Build.0 = Release|Any CPU
		{9821FB60-38C7-4333-B2DE-FC16776C24DA}.Release|x64.ActiveCfg = Release|Any CPU
		{9821FB60-38C7-4333-B2DE-FC16776C24DA}.Release|x64.Build.0 = Release|Any CPU
		{9821FB60-38C7-4333-B2DE-FC16776C24DA}.Release|x86.ActiveCfg = Release|Any CPU
		{9821FB60-38C7-4333-B2DE-FC16776C24DA}.Release|x86.Build.0 = Release|Any CPU
		{F6440B08-702E-4591-A479-856352DCF997}.Debug|Any CPU.ActiveCfg = Debug|Any CPU
		{F6440B08-702E-4591-A479-856352DCF997}.Debug|Any CPU.Build.0 = Debug|Any CPU
		{F6440B08-702E-4591-A479-856352DCF997}.Debug|x64.ActiveCfg = Debug|Any CPU
		{F6440B08-702E-4591-A479-856352DCF997}.Debug|x64.Build.0 = Debug|Any CPU
		{F6440B08-702E-4591-A479-856352DCF997}.Debug|x86.ActiveCfg = Debug|Any CPU
		{F6440B08-702E-4591-A479-856352DCF997}.Debug|x86.Build.0 = Debug|Any CPU
		{F6440B08-702E-4591-A479-856352DCF997}.Release|Any CPU.ActiveCfg = Release|Any CPU
		{F6440B08-702E-4591-A479-856352DCF997}.Release|Any CPU.Build.0 = Release|Any CPU
		{F6440B08-702E-4591-A479-856352DCF997}.Release|x64.ActiveCfg = Release|Any CPU
		{F6440B08-702E-4591-A479-856352DCF997}.Release|x64.Build.0 = Release|Any CPU
		{F6440B08-702E-4591-A479-856352DCF997}.Release|x86.ActiveCfg = Release|Any CPU
		{F6440B08-702E-4591-A479-856352DCF997}.Release|x86.Build.0 = Release|Any CPU
		{E2D2C8EE-6912-4B1B-950C-4654F81A6A67}.Debug|Any CPU.ActiveCfg = Debug|Any CPU
		{E2D2C8EE-6912-4B1B-950C-4654F81A6A67}.Debug|Any CPU.Build.0 = Debug|Any CPU
		{E2D2C8EE-6912-4B1B-950C-4654F81A6A67}.Debug|x64.ActiveCfg = Debug|Any CPU
		{E2D2C8EE-6912-4B1B-950C-4654F81A6A67}.Debug|x64.Build.0 = Debug|Any CPU
		{E2D2C8EE-6912-4B1B-950C-4654F81A6A67}.Debug|x86.ActiveCfg = Debug|Any CPU
		{E2D2C8EE-6912-4B1B-950C-4654F81A6A67}.Debug|x86.Build.0 = Debug|Any CPU
		{E2D2C8EE-6912-4B1B-950C-4654F81A6A67}.Release|Any CPU.ActiveCfg = Release|Any CPU
		{E2D2C8EE-6912-4B1B-950C-4654F81A6A67}.Release|Any CPU.Build.0 = Release|Any CPU
		{E2D2C8EE-6912-4B1B-950C-4654F81A6A67}.Release|x64.ActiveCfg = Release|Any CPU
		{E2D2C8EE-6912-4B1B-950C-4654F81A6A67}.Release|x64.Build.0 = Release|Any CPU
		{E2D2C8EE-6912-4B1B-950C-4654F81A6A67}.Release|x86.ActiveCfg = Release|Any CPU
		{E2D2C8EE-6912-4B1B-950C-4654F81A6A67}.Release|x86.Build.0 = Release|Any CPU
		{F124FE82-DA97-4D0E-8AC3-5DF663C3FD75}.Debug|Any CPU.ActiveCfg = Debug|Any CPU
		{F124FE82-DA97-4D0E-8AC3-5DF663C3FD75}.Debug|Any CPU.Build.0 = Debug|Any CPU
		{F124FE82-DA97-4D0E-8AC3-5DF663C3FD75}.Debug|x64.ActiveCfg = Debug|Any CPU
		{F124FE82-DA97-4D0E-8AC3-5DF663C3FD75}.Debug|x64.Build.0 = Debug|Any CPU
		{F124FE82-DA97-4D0E-8AC3-5DF663C3FD75}.Debug|x86.ActiveCfg = Debug|Any CPU
		{F124FE82-DA97-4D0E-8AC3-5DF663C3FD75}.Debug|x86.Build.0 = Debug|Any CPU
		{F124FE82-DA97-4D0E-8AC3-5DF663C3FD75}.Release|Any CPU.ActiveCfg = Release|Any CPU
		{F124FE82-DA97-4D0E-8AC3-5DF663C3FD75}.Release|Any CPU.Build.0 = Release|Any CPU
		{F124FE82-DA97-4D0E-8AC3-5DF663C3FD75}.Release|x64.ActiveCfg = Release|Any CPU
		{F124FE82-DA97-4D0E-8AC3-5DF663C3FD75}.Release|x64.Build.0 = Release|Any CPU
		{F124FE82-DA97-4D0E-8AC3-5DF663C3FD75}.Release|x86.ActiveCfg = Release|Any CPU
		{F124FE82-DA97-4D0E-8AC3-5DF663C3FD75}.Release|x86.Build.0 = Release|Any CPU
		{987DA89B-FD43-48F7-9C62-439EB535DF4B}.Debug|Any CPU.ActiveCfg = Debug|Any CPU
		{987DA89B-FD43-48F7-9C62-439EB535DF4B}.Debug|Any CPU.Build.0 = Debug|Any CPU
		{987DA89B-FD43-48F7-9C62-439EB535DF4B}.Debug|x64.ActiveCfg = Debug|Any CPU
		{987DA89B-FD43-48F7-9C62-439EB535DF4B}.Debug|x64.Build.0 = Debug|Any CPU
		{987DA89B-FD43-48F7-9C62-439EB535DF4B}.Debug|x86.ActiveCfg = Debug|Any CPU
		{987DA89B-FD43-48F7-9C62-439EB535DF4B}.Debug|x86.Build.0 = Debug|Any CPU
		{987DA89B-FD43-48F7-9C62-439EB535DF4B}.Release|Any CPU.ActiveCfg = Release|Any CPU
		{987DA89B-FD43-48F7-9C62-439EB535DF4B}.Release|Any CPU.Build.0 = Release|Any CPU
		{987DA89B-FD43-48F7-9C62-439EB535DF4B}.Release|x64.ActiveCfg = Release|Any CPU
		{987DA89B-FD43-48F7-9C62-439EB535DF4B}.Release|x64.Build.0 = Release|Any CPU
		{987DA89B-FD43-48F7-9C62-439EB535DF4B}.Release|x86.ActiveCfg = Release|Any CPU
		{987DA89B-FD43-48F7-9C62-439EB535DF4B}.Release|x86.Build.0 = Release|Any CPU
		{380E0484-ACF2-4AAE-8D3B-498B9E036F88}.Debug|Any CPU.ActiveCfg = Debug|Any CPU
		{380E0484-ACF2-4AAE-8D3B-498B9E036F88}.Debug|Any CPU.Build.0 = Debug|Any CPU
		{380E0484-ACF2-4AAE-8D3B-498B9E036F88}.Debug|x64.ActiveCfg = Debug|Any CPU
		{380E0484-ACF2-4AAE-8D3B-498B9E036F88}.Debug|x64.Build.0 = Debug|Any CPU
		{380E0484-ACF2-4AAE-8D3B-498B9E036F88}.Debug|x86.ActiveCfg = Debug|Any CPU
		{380E0484-ACF2-4AAE-8D3B-498B9E036F88}.Debug|x86.Build.0 = Debug|Any CPU
		{380E0484-ACF2-4AAE-8D3B-498B9E036F88}.Release|Any CPU.ActiveCfg = Release|Any CPU
		{380E0484-ACF2-4AAE-8D3B-498B9E036F88}.Release|Any CPU.Build.0 = Release|Any CPU
		{380E0484-ACF2-4AAE-8D3B-498B9E036F88}.Release|x64.ActiveCfg = Release|Any CPU
		{380E0484-ACF2-4AAE-8D3B-498B9E036F88}.Release|x64.Build.0 = Release|Any CPU
		{380E0484-ACF2-4AAE-8D3B-498B9E036F88}.Release|x86.ActiveCfg = Release|Any CPU
		{380E0484-ACF2-4AAE-8D3B-498B9E036F88}.Release|x86.Build.0 = Release|Any CPU
		{81A562F5-4D97-4627-B360-49177038FCB4}.Debug|Any CPU.ActiveCfg = Debug|Any CPU
		{81A562F5-4D97-4627-B360-49177038FCB4}.Debug|Any CPU.Build.0 = Debug|Any CPU
		{81A562F5-4D97-4627-B360-49177038FCB4}.Debug|x64.ActiveCfg = Debug|Any CPU
		{81A562F5-4D97-4627-B360-49177038FCB4}.Debug|x64.Build.0 = Debug|Any CPU
		{81A562F5-4D97-4627-B360-49177038FCB4}.Debug|x86.ActiveCfg = Debug|Any CPU
		{81A562F5-4D97-4627-B360-49177038FCB4}.Debug|x86.Build.0 = Debug|Any CPU
		{81A562F5-4D97-4627-B360-49177038FCB4}.Release|Any CPU.ActiveCfg = Release|Any CPU
		{81A562F5-4D97-4627-B360-49177038FCB4}.Release|Any CPU.Build.0 = Release|Any CPU
		{81A562F5-4D97-4627-B360-49177038FCB4}.Release|x64.ActiveCfg = Release|Any CPU
		{81A562F5-4D97-4627-B360-49177038FCB4}.Release|x64.Build.0 = Release|Any CPU
		{81A562F5-4D97-4627-B360-49177038FCB4}.Release|x86.ActiveCfg = Release|Any CPU
		{81A562F5-4D97-4627-B360-49177038FCB4}.Release|x86.Build.0 = Release|Any CPU
		{924E1664-8762-4926-A68F-79A2250AF7A0}.Debug|Any CPU.ActiveCfg = Debug|Any CPU
		{924E1664-8762-4926-A68F-79A2250AF7A0}.Debug|Any CPU.Build.0 = Debug|Any CPU
		{924E1664-8762-4926-A68F-79A2250AF7A0}.Debug|x64.ActiveCfg = Debug|Any CPU
		{924E1664-8762-4926-A68F-79A2250AF7A0}.Debug|x64.Build.0 = Debug|Any CPU
		{924E1664-8762-4926-A68F-79A2250AF7A0}.Debug|x86.ActiveCfg = Debug|Any CPU
		{924E1664-8762-4926-A68F-79A2250AF7A0}.Debug|x86.Build.0 = Debug|Any CPU
		{924E1664-8762-4926-A68F-79A2250AF7A0}.Release|Any CPU.ActiveCfg = Release|Any CPU
		{924E1664-8762-4926-A68F-79A2250AF7A0}.Release|Any CPU.Build.0 = Release|Any CPU
		{924E1664-8762-4926-A68F-79A2250AF7A0}.Release|x64.ActiveCfg = Release|Any CPU
		{924E1664-8762-4926-A68F-79A2250AF7A0}.Release|x64.Build.0 = Release|Any CPU
		{924E1664-8762-4926-A68F-79A2250AF7A0}.Release|x86.ActiveCfg = Release|Any CPU
		{924E1664-8762-4926-A68F-79A2250AF7A0}.Release|x86.Build.0 = Release|Any CPU
		{351DDDAE-FC69-4A8C-86D1-37FE964C5BE2}.Debug|Any CPU.ActiveCfg = Debug|Any CPU
		{351DDDAE-FC69-4A8C-86D1-37FE964C5BE2}.Debug|Any CPU.Build.0 = Debug|Any CPU
		{351DDDAE-FC69-4A8C-86D1-37FE964C5BE2}.Debug|x64.ActiveCfg = Debug|Any CPU
		{351DDDAE-FC69-4A8C-86D1-37FE964C5BE2}.Debug|x64.Build.0 = Debug|Any CPU
		{351DDDAE-FC69-4A8C-86D1-37FE964C5BE2}.Debug|x86.ActiveCfg = Debug|Any CPU
		{351DDDAE-FC69-4A8C-86D1-37FE964C5BE2}.Debug|x86.Build.0 = Debug|Any CPU
		{351DDDAE-FC69-4A8C-86D1-37FE964C5BE2}.Release|Any CPU.ActiveCfg = Release|Any CPU
		{351DDDAE-FC69-4A8C-86D1-37FE964C5BE2}.Release|Any CPU.Build.0 = Release|Any CPU
		{351DDDAE-FC69-4A8C-86D1-37FE964C5BE2}.Release|x64.ActiveCfg = Release|Any CPU
		{351DDDAE-FC69-4A8C-86D1-37FE964C5BE2}.Release|x64.Build.0 = Release|Any CPU
		{351DDDAE-FC69-4A8C-86D1-37FE964C5BE2}.Release|x86.ActiveCfg = Release|Any CPU
		{351DDDAE-FC69-4A8C-86D1-37FE964C5BE2}.Release|x86.Build.0 = Release|Any CPU
		{9536BB10-006A-4538-B291-D21C6E658BB6}.Debug|Any CPU.ActiveCfg = Debug|Any CPU
		{9536BB10-006A-4538-B291-D21C6E658BB6}.Debug|Any CPU.Build.0 = Debug|Any CPU
		{9536BB10-006A-4538-B291-D21C6E658BB6}.Debug|x64.ActiveCfg = Debug|Any CPU
		{9536BB10-006A-4538-B291-D21C6E658BB6}.Debug|x64.Build.0 = Debug|Any CPU
		{9536BB10-006A-4538-B291-D21C6E658BB6}.Debug|x86.ActiveCfg = Debug|Any CPU
		{9536BB10-006A-4538-B291-D21C6E658BB6}.Debug|x86.Build.0 = Debug|Any CPU
		{9536BB10-006A-4538-B291-D21C6E658BB6}.Release|Any CPU.ActiveCfg = Release|Any CPU
		{9536BB10-006A-4538-B291-D21C6E658BB6}.Release|Any CPU.Build.0 = Release|Any CPU
		{9536BB10-006A-4538-B291-D21C6E658BB6}.Release|x64.ActiveCfg = Release|Any CPU
		{9536BB10-006A-4538-B291-D21C6E658BB6}.Release|x64.Build.0 = Release|Any CPU
		{9536BB10-006A-4538-B291-D21C6E658BB6}.Release|x86.ActiveCfg = Release|Any CPU
		{9536BB10-006A-4538-B291-D21C6E658BB6}.Release|x86.Build.0 = Release|Any CPU
		{E65090DD-B98A-4572-AE1B-BB01026C7DF6}.Debug|Any CPU.ActiveCfg = Debug|Any CPU
		{E65090DD-B98A-4572-AE1B-BB01026C7DF6}.Debug|Any CPU.Build.0 = Debug|Any CPU
		{E65090DD-B98A-4572-AE1B-BB01026C7DF6}.Debug|x64.ActiveCfg = Debug|Any CPU
		{E65090DD-B98A-4572-AE1B-BB01026C7DF6}.Debug|x64.Build.0 = Debug|Any CPU
		{E65090DD-B98A-4572-AE1B-BB01026C7DF6}.Debug|x86.ActiveCfg = Debug|Any CPU
		{E65090DD-B98A-4572-AE1B-BB01026C7DF6}.Debug|x86.Build.0 = Debug|Any CPU
		{E65090DD-B98A-4572-AE1B-BB01026C7DF6}.Release|Any CPU.ActiveCfg = Release|Any CPU
		{E65090DD-B98A-4572-AE1B-BB01026C7DF6}.Release|Any CPU.Build.0 = Release|Any CPU
		{E65090DD-B98A-4572-AE1B-BB01026C7DF6}.Release|x64.ActiveCfg = Release|Any CPU
		{E65090DD-B98A-4572-AE1B-BB01026C7DF6}.Release|x64.Build.0 = Release|Any CPU
		{E65090DD-B98A-4572-AE1B-BB01026C7DF6}.Release|x86.ActiveCfg = Release|Any CPU
		{E65090DD-B98A-4572-AE1B-BB01026C7DF6}.Release|x86.Build.0 = Release|Any CPU
		{2B859674-0DA5-4312-9539-F61250737D3A}.Debug|Any CPU.ActiveCfg = Debug|Any CPU
		{2B859674-0DA5-4312-9539-F61250737D3A}.Debug|Any CPU.Build.0 = Debug|Any CPU
		{2B859674-0DA5-4312-9539-F61250737D3A}.Debug|x64.ActiveCfg = Debug|Any CPU
		{2B859674-0DA5-4312-9539-F61250737D3A}.Debug|x64.Build.0 = Debug|Any CPU
		{2B859674-0DA5-4312-9539-F61250737D3A}.Debug|x86.ActiveCfg = Debug|Any CPU
		{2B859674-0DA5-4312-9539-F61250737D3A}.Debug|x86.Build.0 = Debug|Any CPU
		{2B859674-0DA5-4312-9539-F61250737D3A}.Release|Any CPU.ActiveCfg = Release|Any CPU
		{2B859674-0DA5-4312-9539-F61250737D3A}.Release|Any CPU.Build.0 = Release|Any CPU
		{2B859674-0DA5-4312-9539-F61250737D3A}.Release|x64.ActiveCfg = Release|Any CPU
		{2B859674-0DA5-4312-9539-F61250737D3A}.Release|x64.Build.0 = Release|Any CPU
		{2B859674-0DA5-4312-9539-F61250737D3A}.Release|x86.ActiveCfg = Release|Any CPU
		{2B859674-0DA5-4312-9539-F61250737D3A}.Release|x86.Build.0 = Release|Any CPU
		{A4029624-1A05-42F0-9741-EF74EBBFAA8D}.Debug|Any CPU.ActiveCfg = Debug|Any CPU
		{A4029624-1A05-42F0-9741-EF74EBBFAA8D}.Debug|Any CPU.Build.0 = Debug|Any CPU
		{A4029624-1A05-42F0-9741-EF74EBBFAA8D}.Debug|x64.ActiveCfg = Debug|Any CPU
		{A4029624-1A05-42F0-9741-EF74EBBFAA8D}.Debug|x64.Build.0 = Debug|Any CPU
		{A4029624-1A05-42F0-9741-EF74EBBFAA8D}.Debug|x86.ActiveCfg = Debug|Any CPU
		{A4029624-1A05-42F0-9741-EF74EBBFAA8D}.Debug|x86.Build.0 = Debug|Any CPU
		{A4029624-1A05-42F0-9741-EF74EBBFAA8D}.Release|Any CPU.ActiveCfg = Release|Any CPU
		{A4029624-1A05-42F0-9741-EF74EBBFAA8D}.Release|Any CPU.Build.0 = Release|Any CPU
		{A4029624-1A05-42F0-9741-EF74EBBFAA8D}.Release|x64.ActiveCfg = Release|Any CPU
		{A4029624-1A05-42F0-9741-EF74EBBFAA8D}.Release|x64.Build.0 = Release|Any CPU
		{A4029624-1A05-42F0-9741-EF74EBBFAA8D}.Release|x86.ActiveCfg = Release|Any CPU
		{A4029624-1A05-42F0-9741-EF74EBBFAA8D}.Release|x86.Build.0 = Release|Any CPU
	EndGlobalSection
	GlobalSection(SolutionProperties) = preSolution
		HideSolutionNode = FALSE
	EndGlobalSection
	GlobalSection(ExtensibilityGlobals) = postSolution
		SolutionGuid = {F9F2BD16-77AF-430D-84CC-42CCECE6C124}
	EndGlobalSection
EndGlobal
